
Microsoft Visual Studio Solution File, Format Version 12.00
# Visual Studio Version 16
VisualStudioVersion = 16.0.29306.81
MinimumVisualStudioVersion = 10.0.40219.1
Project("{8BC9CEB8-8B4A-11D0-8D11-00A0C91BC942}") = "lab1-1", "lab1-1\lab1-1.vcxproj", "{9DF7DE4E-1F6B-4587-87DF-3F4CF3636870}"
EndProject
Global
	GlobalSection(SolutionConfigurationPlatforms) = preSolution
		Debug|x64 = Debug|x64
		Debug|x86 = Debug|x86
		Release|x64 = Release|x64
		Release|x86 = Release|x86
	EndGlobalSection
	GlobalSection(ProjectConfigurationPlatforms) = postSolution
		{9DF7DE4E-1F6B-4587-87DF-3F4CF3636870}.Debug|x64.ActiveCfg = Debug|x64
		{9DF7DE4E-1F6B-4587-87DF-3F4CF3636870}.Debug|x64.Build.0 = Debug|x64
		{9DF7DE4E-1F6B-4587-87DF-3F4CF3636870}.Debug|x86.ActiveCfg = Debug|Win32
		{9DF7DE4E-1F6B-4587-87DF-3F4CF3636870}.Debug|x86.Build.0 = Debug|Win32
		{9DF7DE4E-1F6B-4587-87DF-3F4CF3636870}.Release|x64.ActiveCfg = Release|x64
		{9DF7DE4E-1F6B-4587-87DF-3F4CF3636870}.Release|x64.Build.0 = Release|x64
		{9DF7DE4E-1F6B-4587-87DF-3F4CF3636870}.Release|x86.ActiveCfg = Release|Win32
		{9DF7DE4E-1F6B-4587-87DF-3F4CF3636870}.Release|x86.Build.0 = Release|Win32
	EndGlobalSection
	GlobalSection(SolutionProperties) = preSolution
		HideSolutionNode = FALSE
	EndGlobalSection
	GlobalSection(ExtensibilityGlobals) = postSolution
		SolutionGuid = {E48A4046-A1A3-4410-AFE2-73FA456204CA}
	EndGlobalSection
EndGlobal
